{
  "version": 4,
  "terraform_version": "0.12.24",
  "serial": 15,
  "lineage": "67b7d2ec-b584-bc04-de5a-b90d07480a81",
  "outputs": {
    "bigquery_dataset": {
      "value": {
        "access": [
          {
            "domain": "",
            "group_by_email": "",
            "role": "OWNER",
            "special_group": "projectOwners",
            "user_by_email": "",
            "view": []
          }
        ],
        "creation_time": 1597931205542,
        "dataset_id": "dataflow",
        "default_encryption_configuration": [],
        "default_partition_expiration_ms": 0,
        "default_table_expiration_ms": 0,
        "delete_contents_on_destroy": false,
        "description": "some description",
        "etag": "sQUmOlJrLlbxuHGy+Y3a2Q==",
        "friendly_name": "dataflow_dataset",
        "id": "projects/kapilsreed12-dataflow/datasets/dataflow",
        "labels": {
          "billable": "true",
          "env": "dev",
          "owner": "janesmith"
        },
        "last_modified_time": 1597931205542,
        "location": "US",
        "project": "kapilsreed12-dataflow",
        "self_link": "https://www.googleapis.com/bigquery/v2/projects/kapilsreed12-dataflow/datasets/dataflow",
        "timeouts": null
      },
      "type": [
        "object",
        {
          "access": [
            "set",
            [
              "object",
              {
                "domain": "string",
                "group_by_email": "string",
                "role": "string",
                "special_group": "string",
                "user_by_email": "string",
                "view": [
                  "list",
                  [
                    "object",
                    {
                      "dataset_id": "string",
                      "project_id": "string",
                      "table_id": "string"
                    }
                  ]
                ]
              }
            ]
          ],
          "creation_time": "number",
          "dataset_id": "string",
          "default_encryption_configuration": [
            "list",
            [
              "object",
              {
                "kms_key_name": "string"
              }
            ]
          ],
          "default_partition_expiration_ms": "number",
          "default_table_expiration_ms": "number",
          "delete_contents_on_destroy": "bool",
          "description": "string",
          "etag": "string",
          "friendly_name": "string",
          "id": "string",
          "labels": [
            "map",
            "string"
          ],
          "last_modified_time": "number",
          "location": "string",
          "project": "string",
          "self_link": "string",
          "timeouts": [
            "object",
            {
              "create": "string",
              "delete": "string",
              "update": "string"
            }
          ]
        }
      ]
    },
    "bigquery_tables": {
      "value": {
        "bar": {
          "clustering": [],
          "creation_time": 1597931206109,
          "dataset_id": "dataflow",
          "description": "",
          "encryption_configuration": [],
          "etag": "PijaLSP1woGOmDXopi1vhA==",
          "expiration_time": 2524604400000,
          "external_data_configuration": [],
          "friendly_name": "bar",
          "id": "projects/kapilsreed12-dataflow/datasets/dataflow/tables/bar",
          "labels": {
            "billable": "true",
            "env": "devops",
            "owner": "joedoe"
          },
          "last_modified_time": 1597931206238,
          "location": "US",
          "num_bytes": 0,
          "num_long_term_bytes": 0,
          "num_rows": 0,
          "project": "kapilsreed12-dataflow",
          "range_partitioning": [],
          "schema": "[{\"description\":\"Full visitor ID\",\"mode\":\"NULLABLE\",\"name\":\"fullVisitorId\",\"type\":\"STRING\"},{\"description\":\"Visit number\",\"mode\":\"NULLABLE\",\"name\":\"visitNumber\",\"type\":\"INTEGER\"},{\"description\":\"Visit ID\",\"mode\":\"NULLABLE\",\"name\":\"visitId\",\"type\":\"INTEGER\"},{\"description\":\"Visit Start Time\",\"mode\":\"NULLABLE\",\"name\":\"visitStartTime\",\"type\":\"INTEGER\"},{\"description\":\"Full Date of Visit\",\"mode\":\"NULLABLE\",\"name\":\"fullDate\",\"type\":\"DATE\"}]",
          "self_link": "https://www.googleapis.com/bigquery/v2/projects/kapilsreed12-dataflow/datasets/dataflow/tables/bar",
          "table_id": "bar",
          "time_partitioning": [],
          "type": "TABLE",
          "view": []
        }
      },
      "type": [
        "object",
        {
          "bar": [
            "object",
            {
              "clustering": [
                "list",
                "string"
              ],
              "creation_time": "number",
              "dataset_id": "string",
              "description": "string",
              "encryption_configuration": [
                "list",
                [
                  "object",
                  {
                    "kms_key_name": "string"
                  }
                ]
              ],
              "etag": "string",
              "expiration_time": "number",
              "external_data_configuration": [
                "list",
                [
                  "object",
                  {
                    "autodetect": "bool",
                    "compression": "string",
                    "csv_options": [
                      "list",
                      [
                        "object",
                        {
                          "allow_jagged_rows": "bool",
                          "allow_quoted_newlines": "bool",
                          "encoding": "string",
                          "field_delimiter": "string",
                          "quote": "string",
                          "skip_leading_rows": "number"
                        }
                      ]
                    ],
                    "google_sheets_options": [
                      "list",
                      [
                        "object",
                        {
                          "range": "string",
                          "skip_leading_rows": "number"
                        }
                      ]
                    ],
                    "hive_partitioning_options": [
                      "list",
                      [
                        "object",
                        {
                          "mode": "string",
                          "source_uri_prefix": "string"
                        }
                      ]
                    ],
                    "ignore_unknown_values": "bool",
                    "max_bad_records": "number",
                    "schema": "string",
                    "source_format": "string",
                    "source_uris": [
                      "list",
                      "string"
                    ]
                  }
                ]
              ],
              "friendly_name": "string",
              "id": "string",
              "labels": [
                "map",
                "string"
              ],
              "last_modified_time": "number",
              "location": "string",
              "num_bytes": "number",
              "num_long_term_bytes": "number",
              "num_rows": "number",
              "project": "string",
              "range_partitioning": [
                "list",
                [
                  "object",
                  {
                    "field": "string",
                    "range": [
                      "list",
                      [
                        "object",
                        {
                          "end": "number",
                          "interval": "number",
                          "start": "number"
                        }
                      ]
                    ]
                  }
                ]
              ],
              "schema": "string",
              "self_link": "string",
              "table_id": "string",
              "time_partitioning": [
                "list",
                [
                  "object",
                  {
                    "expiration_ms": "number",
                    "field": "string",
                    "require_partition_filter": "bool",
                    "type": "string"
                  }
                ]
              ],
              "type": "string",
              "view": [
                "list",
                [
                  "object",
                  {
                    "query": "string",
                    "use_legacy_sql": "bool"
                  }
                ]
              ]
            }
          ]
        }
      ]
    }
  },
  "resources": [
    {
      "module": "module.bigquery",
      "mode": "managed",
      "type": "google_bigquery_dataset",
      "name": "main",
      "provider": "provider.google",
      "instances": [
        {
          "schema_version": 0,
          "attributes": {
            "access": [
              {
                "domain": "",
                "group_by_email": "",
                "role": "OWNER",
                "special_group": "projectOwners",
                "user_by_email": "",
                "view": []
              }
            ],
            "creation_time": 1597931205542,
            "dataset_id": "dataflow",
            "default_encryption_configuration": [],
            "default_partition_expiration_ms": 0,
            "default_table_expiration_ms": 0,
            "delete_contents_on_destroy": false,
            "description": "some description",
            "etag": "sQUmOlJrLlbxuHGy+Y3a2Q==",
            "friendly_name": "dataflow_dataset",
            "id": "projects/kapilsreed12-dataflow/datasets/dataflow",
            "labels": {
              "billable": "true",
              "env": "dev",
              "owner": "janesmith"
            },
            "last_modified_time": 1597931205542,
            "location": "US",
            "project": "kapilsreed12-dataflow",
            "self_link": "https://www.googleapis.com/bigquery/v2/projects/kapilsreed12-dataflow/datasets/dataflow",
            "timeouts": null
          },
          "private": "eyJlMmJmYjczMC1lY2FhLTExZTYtOGY4OC0zNDM2M2JjN2M0YzAiOnsiY3JlYXRlIjoyNDAwMDAwMDAwMDAsImRlbGV0ZSI6MjQwMDAwMDAwMDAwLCJ1cGRhdGUiOjI0MDAwMDAwMDAwMH19"
        }
      ]
    },
    {
      "module": "module.bigquery",
      "mode": "managed",
      "type": "google_bigquery_table",
      "name": "main",
      "each": "map",
      "provider": "provider.google",
      "instances": [
        {
          "index_key": "bar",
          "schema_version": 0,
          "attributes": {
            "clustering": [],
            "creation_time": 1597931206109,
            "dataset_id": "dataflow",
            "description": "",
            "encryption_configuration": [],
            "etag": "PijaLSP1woGOmDXopi1vhA==",
            "expiration_time": 2524604400000,
            "external_data_configuration": [],
            "friendly_name": "bar",
            "id": "projects/kapilsreed12-dataflow/datasets/dataflow/tables/bar",
            "labels": {
              "billable": "true",
              "env": "devops",
              "owner": "joedoe"
            },
            "last_modified_time": 1597931206238,
            "location": "US",
            "num_bytes": 0,
            "num_long_term_bytes": 0,
            "num_rows": 0,
            "project": "kapilsreed12-dataflow",
            "range_partitioning": [],
            "schema": "[{\"description\":\"Full visitor ID\",\"mode\":\"NULLABLE\",\"name\":\"fullVisitorId\",\"type\":\"STRING\"},{\"description\":\"Visit number\",\"mode\":\"NULLABLE\",\"name\":\"visitNumber\",\"type\":\"INTEGER\"},{\"description\":\"Visit ID\",\"mode\":\"NULLABLE\",\"name\":\"visitId\",\"type\":\"INTEGER\"},{\"description\":\"Visit Start Time\",\"mode\":\"NULLABLE\",\"name\":\"visitStartTime\",\"type\":\"INTEGER\"},{\"description\":\"Full Date of Visit\",\"mode\":\"NULLABLE\",\"name\":\"fullDate\",\"type\":\"DATE\"}]",
            "self_link": "https://www.googleapis.com/bigquery/v2/projects/kapilsreed12-dataflow/datasets/dataflow/tables/bar",
            "table_id": "bar",
            "time_partitioning": [],
            "type": "TABLE",
            "view": []
          },
          "private": "bnVsbA==",
          "dependencies": [
            "module.bigquery.google_bigquery_dataset.main"
          ]
        }
      ]
    },
    {
      "module": "module.bigquery",
      "mode": "managed",
      "type": "google_bigquery_table",
      "name": "view",
      "each": "map",
      "provider": "provider.google",
      "instances": []
    }
  ]
}
